
Microsoft Visual Studio Solution File, Format Version 12.00
# Visual Studio Version 17
VisualStudioVersion = 17.3.32825.248
MinimumVisualStudioVersion = 10.0.40219.1
Project("{9A19103F-16F7-4668-BE54-9A1E7A4F7556}") = "GroupManagementProject", "GroupManagementProject\GroupManagementProject.csproj", "{01A862FB-E672-48D7-917E-F600A33320E9}"
EndProject
Global
	GlobalSection(SolutionConfigurationPlatforms) = preSolution
		Debug|Any CPU = Debug|Any CPU
		Release|Any CPU = Release|Any CPU
	EndGlobalSection
	GlobalSection(ProjectConfigurationPlatforms) = postSolution
		{01A862FB-E672-48D7-917E-F600A33320E9}.Debug|Any CPU.ActiveCfg = Debug|Any CPU
		{01A862FB-E672-48D7-917E-F600A33320E9}.Debug|Any CPU.Build.0 = Debug|Any CPU
		{01A862FB-E672-48D7-917E-F600A33320E9}.Release|Any CPU.ActiveCfg = Release|Any CPU
		{01A862FB-E672-48D7-917E-F600A33320E9}.Release|Any CPU.Build.0 = Release|Any CPU
	EndGlobalSection
	GlobalSection(SolutionProperties) = preSolution
		HideSolutionNode = FALSE
	EndGlobalSection
	GlobalSection(ExtensibilityGlobals) = postSolution
		SolutionGuid = {3F066D08-9975-408A-8F16-9AC343CBFAEB}
	EndGlobalSection
EndGlobal
